
Microsoft Visual Studio Solution File, Format Version 12.00
Project("{2150E333-8FDC-42A3-9474-1A3956D46DE8}") = "src", "src", "{5ECA8A00-5708-4352-9478-02269BA130D8}"
EndProject
Project("{2150E333-8FDC-42A3-9474-1A3956D46DE8}") = "tests", "tests", "{D9E60D1C-4DA0-46FD-855B-6DFB0A2F157C}"
EndProject
Project("{FAE04EC0-301F-11D3-BF4B-00C04F79EFBC}") = "WebMessages", "src\WebMessages\WebMessages.csproj", "{71F20B2D-BE3C-48DB-B889-0E113FEE64B0}"
EndProject
Project("{2150E333-8FDC-42A3-9474-1A3956D46DE8}") = "Features", "Features", "{C8EEADC6-E4DA-4847-A948-39F7A0185BCF}"
EndProject
Project("{FAE04EC0-301F-11D3-BF4B-00C04F79EFBC}") = "WebMessages.Providers.Bootstrap5", "src\Features\WebMessages.Providers.Bootstrap5\WebMessages.Providers.Bootstrap5.csproj", "{5A04A691-5842-447C-BF15-C4F26468CA3A}"
EndProject
Project("{2150E333-8FDC-42A3-9474-1A3956D46DE8}") = "Foundation", "Foundation", "{5274F9A2-7383-47C7-88C9-574AF9F90F84}"
EndProject
Project("{FAE04EC0-301F-11D3-BF4B-00C04F79EFBC}") = "WebMessages.Foundation", "src\Foundation\WebMessages.Foundation\WebMessages.Foundation.csproj", "{88D4C4FD-1B97-4FC5-B2DE-34E4DA52B8ED}"
EndProject
Project("{FAE04EC0-301F-11D3-BF4B-00C04F79EFBC}") = "WebMessages.Storages.DistributedCacheStorage", "src\Features\WebMessages.Storages.DistributedCacheStorage\WebMessages.Storages.DistributedCacheStorage.csproj", "{386867E0-9572-4580-8EDF-C5C99A55D5D3}"
EndProject
Global
	GlobalSection(SolutionConfigurationPlatforms) = preSolution
		Debug|Any CPU = Debug|Any CPU
		Release|Any CPU = Release|Any CPU
	EndGlobalSection
	GlobalSection(ProjectConfigurationPlatforms) = postSolution
		{71F20B2D-BE3C-48DB-B889-0E113FEE64B0}.Debug|Any CPU.ActiveCfg = Debug|Any CPU
		{71F20B2D-BE3C-48DB-B889-0E113FEE64B0}.Debug|Any CPU.Build.0 = Debug|Any CPU
		{71F20B2D-BE3C-48DB-B889-0E113FEE64B0}.Release|Any CPU.ActiveCfg = Release|Any CPU
		{71F20B2D-BE3C-48DB-B889-0E113FEE64B0}.Release|Any CPU.Build.0 = Release|Any CPU
		{5A04A691-5842-447C-BF15-C4F26468CA3A}.Debug|Any CPU.ActiveCfg = Debug|Any CPU
		{5A04A691-5842-447C-BF15-C4F26468CA3A}.Debug|Any CPU.Build.0 = Debug|Any CPU
		{5A04A691-5842-447C-BF15-C4F26468CA3A}.Release|Any CPU.ActiveCfg = Release|Any CPU
		{5A04A691-5842-447C-BF15-C4F26468CA3A}.Release|Any CPU.Build.0 = Release|Any CPU
		{88D4C4FD-1B97-4FC5-B2DE-34E4DA52B8ED}.Debug|Any CPU.ActiveCfg = Debug|Any CPU
		{88D4C4FD-1B97-4FC5-B2DE-34E4DA52B8ED}.Debug|Any CPU.Build.0 = Debug|Any CPU
		{88D4C4FD-1B97-4FC5-B2DE-34E4DA52B8ED}.Release|Any CPU.ActiveCfg = Release|Any CPU
		{88D4C4FD-1B97-4FC5-B2DE-34E4DA52B8ED}.Release|Any CPU.Build.0 = Release|Any CPU
		{386867E0-9572-4580-8EDF-C5C99A55D5D3}.Debug|Any CPU.ActiveCfg = Debug|Any CPU
		{386867E0-9572-4580-8EDF-C5C99A55D5D3}.Debug|Any CPU.Build.0 = Debug|Any CPU
		{386867E0-9572-4580-8EDF-C5C99A55D5D3}.Release|Any CPU.ActiveCfg = Release|Any CPU
		{386867E0-9572-4580-8EDF-C5C99A55D5D3}.Release|Any CPU.Build.0 = Release|Any CPU
	EndGlobalSection
	GlobalSection(NestedProjects) = preSolution
		{71F20B2D-BE3C-48DB-B889-0E113FEE64B0} = {5ECA8A00-5708-4352-9478-02269BA130D8}
		{C8EEADC6-E4DA-4847-A948-39F7A0185BCF} = {5ECA8A00-5708-4352-9478-02269BA130D8}
		{5A04A691-5842-447C-BF15-C4F26468CA3A} = {C8EEADC6-E4DA-4847-A948-39F7A0185BCF}
		{5274F9A2-7383-47C7-88C9-574AF9F90F84} = {5ECA8A00-5708-4352-9478-02269BA130D8}
		{88D4C4FD-1B97-4FC5-B2DE-34E4DA52B8ED} = {5274F9A2-7383-47C7-88C9-574AF9F90F84}
		{386867E0-9572-4580-8EDF-C5C99A55D5D3} = {C8EEADC6-E4DA-4847-A948-39F7A0185BCF}
	EndGlobalSection
EndGlobal
